
Microsoft Visual Studio Solution File, Format Version 12.00
# Visual Studio Version 17
VisualStudioVersion = 17.6.33829.357
MinimumVisualStudioVersion = 10.0.40219.1
Project("{9A19103F-16F7-4668-BE54-9A1E7A4F7556}") = "P01_ReverseArray", "P01_ReverseArray\P01_ReverseArray.csproj", "{C69D05D3-7B73-4B37-985F-52793987DEA5}"
EndProject
Project("{9A19103F-16F7-4668-BE54-9A1E7A4F7556}") = "P02_SymmetricArrays", "P02_SymmetricArrays\P02_SymmetricArrays.csproj", "{E2641DBC-6B3E-4719-8BA1-54BF572C64DC}"
EndProject
Project("{9A19103F-16F7-4668-BE54-9A1E7A4F7556}") = "P03_AboveTheMainDiagonal", "P03_AboveTheMainDiagonal\P03_AboveTheMainDiagonal.csproj", "{04EF49F4-0715-4651-AE47-7057F70156EB}"
EndProject
Project("{9A19103F-16F7-4668-BE54-9A1E7A4F7556}") = "P04_AboveTheMainDiagonal2", "P04_AboveTheMainDiagonal2\P04_AboveTheMainDiagonal2.csproj", "{A29EC6AB-5F73-447A-94D6-719D0CF2F405}"
EndProject
Project("{9A19103F-16F7-4668-BE54-9A1E7A4F7556}") = "P05_ThreeGroups", "P05_ThreeGroups\P05_ThreeGroups.csproj", "{B1E8C59F-333B-44E9-ADB3-959B415BD3CC}"
EndProject
Project("{9A19103F-16F7-4668-BE54-9A1E7A4F7556}") = "H01_PrimesToN", "H01_PrimesToN\H01_PrimesToN.csproj", "{9E91594D-DCDB-40C1-ABAD-2FB8957B6175}"
EndProject
Project("{9A19103F-16F7-4668-BE54-9A1E7A4F7556}") = "H02_LongestSequenceOfEqual", "H02_LongestSequenceOfEqual\H02_LongestSequenceOfEqual.csproj", "{61275FD1-AEEC-47FF-8CBC-120D9CF0B27F}"
EndProject
Project("{9A19103F-16F7-4668-BE54-9A1E7A4F7556}") = "H03_BigNumbers", "H03_BigNumbers\H03_BigNumbers.csproj", "{18F23DB0-69A6-4C0A-82FA-814BB1ED1C57}"
EndProject
Project("{9A19103F-16F7-4668-BE54-9A1E7A4F7556}") = "H04_KnightMoves", "H04_KnightMoves\H04_KnightMoves.csproj", "{AB007351-8FD9-49A2-85E1-0A1331763DEB}"
EndProject
Global
	GlobalSection(SolutionConfigurationPlatforms) = preSolution
		Debug|Any CPU = Debug|Any CPU
		Release|Any CPU = Release|Any CPU
	EndGlobalSection
	GlobalSection(ProjectConfigurationPlatforms) = postSolution
		{C69D05D3-7B73-4B37-985F-52793987DEA5}.Debug|Any CPU.ActiveCfg = Debug|Any CPU
		{C69D05D3-7B73-4B37-985F-52793987DEA5}.Debug|Any CPU.Build.0 = Debug|Any CPU
		{C69D05D3-7B73-4B37-985F-52793987DEA5}.Release|Any CPU.ActiveCfg = Release|Any CPU
		{C69D05D3-7B73-4B37-985F-52793987DEA5}.Release|Any CPU.Build.0 = Release|Any CPU
		{E2641DBC-6B3E-4719-8BA1-54BF572C64DC}.Debug|Any CPU.ActiveCfg = Debug|Any CPU
		{E2641DBC-6B3E-4719-8BA1-54BF572C64DC}.Debug|Any CPU.Build.0 = Debug|Any CPU
		{E2641DBC-6B3E-4719-8BA1-54BF572C64DC}.Release|Any CPU.ActiveCfg = Release|Any CPU
		{E2641DBC-6B3E-4719-8BA1-54BF572C64DC}.Release|Any CPU.Build.0 = Release|Any CPU
		{04EF49F4-0715-4651-AE47-7057F70156EB}.Debug|Any CPU.ActiveCfg = Debug|Any CPU
		{04EF49F4-0715-4651-AE47-7057F70156EB}.Debug|Any CPU.Build.0 = Debug|Any CPU
		{04EF49F4-0715-4651-AE47-7057F70156EB}.Release|Any CPU.ActiveCfg = Release|Any CPU
		{04EF49F4-0715-4651-AE47-7057F70156EB}.Release|Any CPU.Build.0 = Release|Any CPU
		{A29EC6AB-5F73-447A-94D6-719D0CF2F405}.Debug|Any CPU.ActiveCfg = Debug|Any CPU
		{A29EC6AB-5F73-447A-94D6-719D0CF2F405}.Debug|Any CPU.Build.0 = Debug|Any CPU
		{A29EC6AB-5F73-447A-94D6-719D0CF2F405}.Release|Any CPU.ActiveCfg = Release|Any CPU
		{A29EC6AB-5F73-447A-94D6-719D0CF2F405}.Release|Any CPU.Build.0 = Release|Any CPU
		{B1E8C59F-333B-44E9-ADB3-959B415BD3CC}.Debug|Any CPU.ActiveCfg = Debug|Any CPU
		{B1E8C59F-333B-44E9-ADB3-959B415BD3CC}.Debug|Any CPU.Build.0 = Debug|Any CPU
		{B1E8C59F-333B-44E9-ADB3-959B415BD3CC}.Release|Any CPU.ActiveCfg = Release|Any CPU
		{B1E8C59F-333B-44E9-ADB3-959B415BD3CC}.Release|Any CPU.Build.0 = Release|Any CPU
		{9E91594D-DCDB-40C1-ABAD-2FB8957B6175}.Debug|Any CPU.ActiveCfg = Debug|Any CPU
		{9E91594D-DCDB-40C1-ABAD-2FB8957B6175}.Debug|Any CPU.Build.0 = Debug|Any CPU
		{9E91594D-DCDB-40C1-ABAD-2FB8957B6175}.Release|Any CPU.ActiveCfg = Release|Any CPU
		{9E91594D-DCDB-40C1-ABAD-2FB8957B6175}.Release|Any CPU.Build.0 = Release|Any CPU
		{61275FD1-AEEC-47FF-8CBC-120D9CF0B27F}.Debug|Any CPU.ActiveCfg = Debug|Any CPU
		{61275FD1-AEEC-47FF-8CBC-120D9CF0B27F}.Debug|Any CPU.Build.0 = Debug|Any CPU
		{61275FD1-AEEC-47FF-8CBC-120D9CF0B27F}.Release|Any CPU.ActiveCfg = Release|Any CPU
		{61275FD1-AEEC-47FF-8CBC-120D9CF0B27F}.Release|Any CPU.Build.0 = Release|Any CPU
		{18F23DB0-69A6-4C0A-82FA-814BB1ED1C57}.Debug|Any CPU.ActiveCfg = Debug|Any CPU
		{18F23DB0-69A6-4C0A-82FA-814BB1ED1C57}.Debug|Any CPU.Build.0 = Debug|Any CPU
		{18F23DB0-69A6-4C0A-82FA-814BB1ED1C57}.Release|Any CPU.ActiveCfg = Release|Any CPU
		{18F23DB0-69A6-4C0A-82FA-814BB1ED1C57}.Release|Any CPU.Build.0 = Release|Any CPU
		{AB007351-8FD9-49A2-85E1-0A1331763DEB}.Debug|Any CPU.ActiveCfg = Debug|Any CPU
		{AB007351-8FD9-49A2-85E1-0A1331763DEB}.Debug|Any CPU.Build.0 = Debug|Any CPU
		{AB007351-8FD9-49A2-85E1-0A1331763DEB}.Release|Any CPU.ActiveCfg = Release|Any CPU
		{AB007351-8FD9-49A2-85E1-0A1331763DEB}.Release|Any CPU.Build.0 = Release|Any CPU
	EndGlobalSection
	GlobalSection(SolutionProperties) = preSolution
		HideSolutionNode = FALSE
	EndGlobalSection
	GlobalSection(ExtensibilityGlobals) = postSolution
		SolutionGuid = {13A8FF84-39E8-4074-A7CF-820D1B847631}
	EndGlobalSection
EndGlobal
